
Microsoft Visual Studio Solution File, Format Version 12.00
# Visual Studio Version 16
VisualStudioVersion = 16.0.30611.23
MinimumVisualStudioVersion = 10.0.40219.1
Project("{FAE04EC0-301F-11D3-BF4B-00C04F79EFBC}") = "DesignPattern", "DesignPattern\DesignPattern.csproj", "{FA0F8AB6-56D0-4F66-87D1-3A63C7F66E09}"
EndProject
Project("{FAE04EC0-301F-11D3-BF4B-00C04F79EFBC}") = "SimpleFactoryCal", "SimpleFactoryCal\SimpleFactoryCal.csproj", "{3092CBC3-8EAF-4697-A15C-EF2414D8EDC5}"
EndProject
Project("{FAE04EC0-301F-11D3-BF4B-00C04F79EFBC}") = "StrategyModel", "StrategyModel\StrategyModel.csproj", "{3FBA896F-6D1C-41DD-A944-F736CDEF5DC4}"
EndProject
Project("{FAE04EC0-301F-11D3-BF4B-00C04F79EFBC}") = "DecoratorMode", "DecoratorMode\DecoratorMode.csproj", "{0545C389-3AF3-476F-8227-23D55336B55C}"
EndProject
Project("{FAE04EC0-301F-11D3-BF4B-00C04F79EFBC}") = "ProxyPatternl", "ProxyModel\ProxyPatternl.csproj", "{1227D774-B02F-4936-AFB0-8D7E45415FA3}"
EndProject
Global
	GlobalSection(SolutionConfigurationPlatforms) = preSolution
		Debug|Any CPU = Debug|Any CPU
		Release|Any CPU = Release|Any CPU
	EndGlobalSection
	GlobalSection(ProjectConfigurationPlatforms) = postSolution
		{FA0F8AB6-56D0-4F66-87D1-3A63C7F66E09}.Debug|Any CPU.ActiveCfg = Debug|Any CPU
		{FA0F8AB6-56D0-4F66-87D1-3A63C7F66E09}.Debug|Any CPU.Build.0 = Debug|Any CPU
		{FA0F8AB6-56D0-4F66-87D1-3A63C7F66E09}.Release|Any CPU.ActiveCfg = Release|Any CPU
		{FA0F8AB6-56D0-4F66-87D1-3A63C7F66E09}.Release|Any CPU.Build.0 = Release|Any CPU
		{3092CBC3-8EAF-4697-A15C-EF2414D8EDC5}.Debug|Any CPU.ActiveCfg = Debug|Any CPU
		{3092CBC3-8EAF-4697-A15C-EF2414D8EDC5}.Debug|Any CPU.Build.0 = Debug|Any CPU
		{3092CBC3-8EAF-4697-A15C-EF2414D8EDC5}.Release|Any CPU.ActiveCfg = Release|Any CPU
		{3092CBC3-8EAF-4697-A15C-EF2414D8EDC5}.Release|Any CPU.Build.0 = Release|Any CPU
		{3FBA896F-6D1C-41DD-A944-F736CDEF5DC4}.Debug|Any CPU.ActiveCfg = Debug|Any CPU
		{3FBA896F-6D1C-41DD-A944-F736CDEF5DC4}.Debug|Any CPU.Build.0 = Debug|Any CPU
		{3FBA896F-6D1C-41DD-A944-F736CDEF5DC4}.Release|Any CPU.ActiveCfg = Release|Any CPU
		{3FBA896F-6D1C-41DD-A944-F736CDEF5DC4}.Release|Any CPU.Build.0 = Release|Any CPU
		{0545C389-3AF3-476F-8227-23D55336B55C}.Debug|Any CPU.ActiveCfg = Debug|Any CPU
		{0545C389-3AF3-476F-8227-23D55336B55C}.Debug|Any CPU.Build.0 = Debug|Any CPU
		{0545C389-3AF3-476F-8227-23D55336B55C}.Release|Any CPU.ActiveCfg = Release|Any CPU
		{0545C389-3AF3-476F-8227-23D55336B55C}.Release|Any CPU.Build.0 = Release|Any CPU
		{1227D774-B02F-4936-AFB0-8D7E45415FA3}.Debug|Any CPU.ActiveCfg = Debug|Any CPU
		{1227D774-B02F-4936-AFB0-8D7E45415FA3}.Debug|Any CPU.Build.0 = Debug|Any CPU
		{1227D774-B02F-4936-AFB0-8D7E45415FA3}.Release|Any CPU.ActiveCfg = Release|Any CPU
		{1227D774-B02F-4936-AFB0-8D7E45415FA3}.Release|Any CPU.Build.0 = Release|Any CPU
	EndGlobalSection
	GlobalSection(SolutionProperties) = preSolution
		HideSolutionNode = FALSE
	EndGlobalSection
	GlobalSection(ExtensibilityGlobals) = postSolution
		SolutionGuid = {2C6CB726-FA75-4DBA-9F92-509631AC9CD4}
	EndGlobalSection
EndGlobal
